
Microsoft Visual Studio Solution File, Format Version 12.00
# Visual Studio 14
VisualStudioVersion = 14.0.25420.1
MinimumVisualStudioVersion = 10.0.40219.1
Project("{2150E333-8FDC-42A3-9474-1A3956D46DE8}") = "src", "src", "{A14ECE55-5CEA-493D-B823-D88040F05A3F}"
EndProject
Project("{2150E333-8FDC-42A3-9474-1A3956D46DE8}") = "Solution Items", "Solution Items", "{DA16CF3B-EBD4-4EB4-9384-920CC0FC8447}"
	ProjectSection(SolutionItems) = preProject
		global.json = global.json
	EndProjectSection
EndProject
Project("{8BB2217D-0F2D-49D1-97BC-3654ED321F3B}") = "SocketServer", "src\SocketServer\SocketServer.xproj", "{B1FB3149-D192-40C2-A702-2572605BA025}"
EndProject
Project("{8BB2217D-0F2D-49D1-97BC-3654ED321F3B}") = "SocketClient", "src\SocketClient\SocketClient.xproj", "{298D7FEF-8F67-463C-9844-81D65C983169}"
EndProject
Global
	GlobalSection(SolutionConfigurationPlatforms) = preSolution
		Debug|Any CPU = Debug|Any CPU
		Release|Any CPU = Release|Any CPU
	EndGlobalSection
	GlobalSection(ProjectConfigurationPlatforms) = postSolution
		{B1FB3149-D192-40C2-A702-2572605BA025}.Debug|Any CPU.ActiveCfg = Debug|Any CPU
		{B1FB3149-D192-40C2-A702-2572605BA025}.Debug|Any CPU.Build.0 = Debug|Any CPU
		{B1FB3149-D192-40C2-A702-2572605BA025}.Release|Any CPU.ActiveCfg = Release|Any CPU
		{B1FB3149-D192-40C2-A702-2572605BA025}.Release|Any CPU.Build.0 = Release|Any CPU
		{298D7FEF-8F67-463C-9844-81D65C983169}.Debug|Any CPU.ActiveCfg = Debug|Any CPU
		{298D7FEF-8F67-463C-9844-81D65C983169}.Debug|Any CPU.Build.0 = Debug|Any CPU
		{298D7FEF-8F67-463C-9844-81D65C983169}.Release|Any CPU.ActiveCfg = Release|Any CPU
		{298D7FEF-8F67-463C-9844-81D65C983169}.Release|Any CPU.Build.0 = Release|Any CPU
	EndGlobalSection
	GlobalSection(SolutionProperties) = preSolution
		HideSolutionNode = FALSE
	EndGlobalSection
	GlobalSection(NestedProjects) = preSolution
		{B1FB3149-D192-40C2-A702-2572605BA025} = {A14ECE55-5CEA-493D-B823-D88040F05A3F}
		{298D7FEF-8F67-463C-9844-81D65C983169} = {A14ECE55-5CEA-493D-B823-D88040F05A3F}
	EndGlobalSection
EndGlobal
